
Microsoft Visual Studio Solution File, Format Version 12.00
# Visual Studio Version 16
VisualStudioVersion = 16.0.29324.140
MinimumVisualStudioVersion = 10.0.40219.1
Project("{9A19103F-16F7-4668-BE54-9A1E7A4F7556}") = "GitCommands.Tests", "test\GitCommands.Tests\GitCommands.Tests.csproj", "{EDDC79D3-4EE4-4AEA-A996-7D91BEA1591E}"
EndProject
Project("{9A19103F-16F7-4668-BE54-9A1E7A4F7556}") = "GitCommands", "src\GitCommands\GitCommands.csproj", "{CF7900E6-7235-482E-B7FE-2494A673FBE1}"
EndProject
Project("{9A19103F-16F7-4668-BE54-9A1E7A4F7556}") = "Dotnet.GitStatus", "src\Dotnet.GitStatus\Dotnet.GitStatus.csproj", "{F8F7B551-518E-4D3F-8184-BA91D711BE15}"
EndProject
Global
	GlobalSection(SolutionConfigurationPlatforms) = preSolution
		Debug|Any CPU = Debug|Any CPU
		Release|Any CPU = Release|Any CPU
	EndGlobalSection
	GlobalSection(ProjectConfigurationPlatforms) = postSolution
		{EDDC79D3-4EE4-4AEA-A996-7D91BEA1591E}.Debug|Any CPU.ActiveCfg = Debug|Any CPU
		{EDDC79D3-4EE4-4AEA-A996-7D91BEA1591E}.Debug|Any CPU.Build.0 = Debug|Any CPU
		{EDDC79D3-4EE4-4AEA-A996-7D91BEA1591E}.Release|Any CPU.ActiveCfg = Release|Any CPU
		{CF7900E6-7235-482E-B7FE-2494A673FBE1}.Debug|Any CPU.ActiveCfg = Debug|Any CPU
		{CF7900E6-7235-482E-B7FE-2494A673FBE1}.Debug|Any CPU.Build.0 = Debug|Any CPU
		{CF7900E6-7235-482E-B7FE-2494A673FBE1}.Release|Any CPU.ActiveCfg = Release|Any CPU
		{CF7900E6-7235-482E-B7FE-2494A673FBE1}.Release|Any CPU.Build.0 = Release|Any CPU
		{F8F7B551-518E-4D3F-8184-BA91D711BE15}.Debug|Any CPU.ActiveCfg = Debug|Any CPU
		{F8F7B551-518E-4D3F-8184-BA91D711BE15}.Debug|Any CPU.Build.0 = Debug|Any CPU
		{F8F7B551-518E-4D3F-8184-BA91D711BE15}.Release|Any CPU.ActiveCfg = Release|Any CPU
		{F8F7B551-518E-4D3F-8184-BA91D711BE15}.Release|Any CPU.Build.0 = Release|Any CPU
	EndGlobalSection
	GlobalSection(SolutionProperties) = preSolution
		HideSolutionNode = FALSE
	EndGlobalSection
	GlobalSection(ExtensibilityGlobals) = postSolution
		SolutionGuid = {10BA233D-FCE3-4558-BC06-AD58950F46E1}
	EndGlobalSection
EndGlobal
